
Microsoft Visual Studio Solution File, Format Version 12.00
# Visual Studio 15
VisualStudioVersion = 15.0.28307.705
MinimumVisualStudioVersion = 10.0.40219.1
Project("{FAE04EC0-301F-11D3-BF4B-00C04F79EFBC}") = "zadatak3", "zadatak3\zadatak3.csproj", "{4D5BB067-3464-4F61-AD90-57B5A1E31AD2}"
EndProject
Global
	GlobalSection(SolutionConfigurationPlatforms) = preSolution
		Debug|Any CPU = Debug|Any CPU
		Release|Any CPU = Release|Any CPU
	EndGlobalSection
	GlobalSection(ProjectConfigurationPlatforms) = postSolution
		{4D5BB067-3464-4F61-AD90-57B5A1E31AD2}.Debug|Any CPU.ActiveCfg = Debug|Any CPU
		{4D5BB067-3464-4F61-AD90-57B5A1E31AD2}.Debug|Any CPU.Build.0 = Debug|Any CPU
		{4D5BB067-3464-4F61-AD90-57B5A1E31AD2}.Release|Any CPU.ActiveCfg = Release|Any CPU
		{4D5BB067-3464-4F61-AD90-57B5A1E31AD2}.Release|Any CPU.Build.0 = Release|Any CPU
	EndGlobalSection
	GlobalSection(SolutionProperties) = preSolution
		HideSolutionNode = FALSE
	EndGlobalSection
	GlobalSection(ExtensibilityGlobals) = postSolution
		SolutionGuid = {6AE73E91-F452-414B-9EC3-C96EF99F7F35}
	EndGlobalSection
EndGlobal
